
Microsoft Visual Studio Solution File, Format Version 12.00
# Visual Studio Version 16
VisualStudioVersion = 16.0.33130.400
MinimumVisualStudioVersion = 10.0.40219.1
Project("{FAE04EC0-301F-11D3-BF4B-00C04F79EFBC}") = "FoodTruck", "FoodTruck\FoodTruck.csproj", "{2B731FB6-B81C-4793-B4B4-E1B8BD39FEAF}"
EndProject
Global
	GlobalSection(SolutionConfigurationPlatforms) = preSolution
		Debug|Any CPU = Debug|Any CPU
		Release|Any CPU = Release|Any CPU
	EndGlobalSection
	GlobalSection(ProjectConfigurationPlatforms) = postSolution
		{2B731FB6-B81C-4793-B4B4-E1B8BD39FEAF}.Debug|Any CPU.ActiveCfg = Debug|Any CPU
		{2B731FB6-B81C-4793-B4B4-E1B8BD39FEAF}.Debug|Any CPU.Build.0 = Debug|Any CPU
		{2B731FB6-B81C-4793-B4B4-E1B8BD39FEAF}.Release|Any CPU.ActiveCfg = Release|Any CPU
		{2B731FB6-B81C-4793-B4B4-E1B8BD39FEAF}.Release|Any CPU.Build.0 = Release|Any CPU
	EndGlobalSection
	GlobalSection(SolutionProperties) = preSolution
		HideSolutionNode = FALSE
	EndGlobalSection
	GlobalSection(ExtensibilityGlobals) = postSolution
		SolutionGuid = {6DFB14C1-E9EA-4973-A1A2-166735EDFC31}
	EndGlobalSection
EndGlobal
