
Microsoft Visual Studio Solution File, Format Version 12.00
# Visual Studio Version 17
VisualStudioVersion = 17.4.33103.184
MinimumVisualStudioVersion = 10.0.40219.1
Project("{FAE04EC0-301F-11D3-BF4B-00C04F79EFBC}") = "ProjectMvc", "ProjectMvc\ProjectMvc.csproj", "{CBDD9454-647D-4210-985D-200F78B2E56A}"
EndProject
Global
	GlobalSection(SolutionConfigurationPlatforms) = preSolution
		Debug|Any CPU = Debug|Any CPU
		Release|Any CPU = Release|Any CPU
	EndGlobalSection
	GlobalSection(ProjectConfigurationPlatforms) = postSolution
		{CBDD9454-647D-4210-985D-200F78B2E56A}.Debug|Any CPU.ActiveCfg = Debug|Any CPU
		{CBDD9454-647D-4210-985D-200F78B2E56A}.Debug|Any CPU.Build.0 = Debug|Any CPU
		{CBDD9454-647D-4210-985D-200F78B2E56A}.Release|Any CPU.ActiveCfg = Release|Any CPU
		{CBDD9454-647D-4210-985D-200F78B2E56A}.Release|Any CPU.Build.0 = Release|Any CPU
	EndGlobalSection
	GlobalSection(SolutionProperties) = preSolution
		HideSolutionNode = FALSE
	EndGlobalSection
	GlobalSection(ExtensibilityGlobals) = postSolution
		SolutionGuid = {FFB41EED-F61B-48BF-BA6D-878308E5571F}
	EndGlobalSection
EndGlobal
